
Microsoft Visual Studio Solution File, Format Version 12.00
# Visual Studio Version 17
VisualStudioVersion = 17.4.33403.182
MinimumVisualStudioVersion = 10.0.40219.1
Project("{FAE04EC0-301F-11D3-BF4B-00C04F79EFBC}") = "HalceraAPI", "HalceraAPI\HalceraAPI.csproj", "{10832F71-0498-4301-99AE-E5557FFA414A}"
EndProject
Global
	GlobalSection(SolutionConfigurationPlatforms) = preSolution
		Debug|Any CPU = Debug|Any CPU
		Release|Any CPU = Release|Any CPU
	EndGlobalSection
	GlobalSection(ProjectConfigurationPlatforms) = postSolution
		{10832F71-0498-4301-99AE-E5557FFA414A}.Debug|Any CPU.ActiveCfg = Debug|Any CPU
		{10832F71-0498-4301-99AE-E5557FFA414A}.Debug|Any CPU.Build.0 = Debug|Any CPU
		{10832F71-0498-4301-99AE-E5557FFA414A}.Release|Any CPU.ActiveCfg = Release|Any CPU
		{10832F71-0498-4301-99AE-E5557FFA414A}.Release|Any CPU.Build.0 = Release|Any CPU
	EndGlobalSection
	GlobalSection(SolutionProperties) = preSolution
		HideSolutionNode = FALSE
	EndGlobalSection
	GlobalSection(ExtensibilityGlobals) = postSolution
		SolutionGuid = {E5843011-6FB7-48D4-BFFC-64828C4062AC}
	EndGlobalSection
EndGlobal
